// !$*UTF8*$!
{
	archiveVersion = 1;
	classes = {
	};
	objectVersion = 50;
	objects = {

/* Begin PBXBuildFile section */
		EE9466C7224F860800240DF7 /* AppDelegate.m in Sources */ = {isa = PBXBuildFile; fileRef = EE9466C6224F860800240DF7 /* AppDelegate.m */; };
		EE9466CA224F860800240DF7 /* ViewController.m in Sources */ = {isa = PBXBuildFile; fileRef = EE9466C9224F860800240DF7 /* ViewController.m */; };
		EE9466CC224F860A00240DF7 /* Assets.xcassets in Resources */ = {isa = PBXBuildFile; fileRef = EE9466CB224F860A00240DF7 /* Assets.xcassets */; };
		EE9466CF224F860A00240DF7 /* Main.storyboard in Resources */ = {isa = PBXBuildFile; fileRef = EE9466CD224F860A00240DF7 /* Main.storyboard */; };
		EE9466D2224F860A00240DF7 /* main.m in Sources */ = {isa = PBXBuildFile; fileRef = EE9466D1224F860A00240DF7 /* main.m */; };
		EE9466DD224F8AE100240DF7 /* ARXAlertView.m in Sources */ = {isa = PBXBuildFile; fileRef = EE9466DC224F8AE100240DF7 /* ARXAlertView.m */; };
/* End PBXBuildFile section */

/* Begin PBXFileReference section */
		EE9466C2224F860800240DF7 /* authAlert.app */ = {isa = PBXFileReference; explicitFileType = wrapper.application; includeInIndex = 0; path = authAlert.app; sourceTree = BUILT_PRODUCTS_DIR; };
		EE9466C5224F860800240DF7 /* AppDelegate.h */ = {isa = PBXFileReference; lastKnownFileType = sourcecode.c.h; path = AppDelegate.h; sourceTree = "<group>"; };
		EE9466C6224F860800240DF7 /* AppDelegate.m */ = {isa = PBXFileReference; lastKnownFileType = sourcecode.c.objc; path = AppDelegate.m; sourceTree = "<group>"; };
		EE9466C8224F860800240DF7 /* ViewController.h */ = {isa = PBXFileReference; lastKnownFileType = sourcecode.c.h; path = ViewController.h; sourceTree = "<group>"; };
		EE9466C9224F860800240DF7 /* ViewController.m */ = {isa = PBXFileReference; lastKnownFileType = sourcecode.c.objc; path = ViewController.m; sourceTree = "<group>"; };
		EE9466CB224F860A00240DF7 /* Assets.xcassets */ = {isa = PBXFileReference; lastKnownFileType = folder.assetcatalog; path = Assets.xcassets; sourceTree = "<group>"; };
		EE9466CE224F860A00240DF7 /* Base */ = {isa = PBXFileReference; lastKnownFileType = file.storyboard; name = Base; path = Base.lproj/Main.storyboard; sourceTree = "<group>"; };
		EE9466D0224F860A00240DF7 /* Info.plist */ = {isa = PBXFileReference; lastKnownFileType = text.plist.xml; path = Info.plist; sourceTree = "<group>"; };
		EE9466D1224F860A00240DF7 /* main.m */ = {isa = PBXFileReference; lastKnownFileType = sourcecode.c.objc; path = main.m; sourceTree = "<group>"; };
		EE9466D3224F860A00240DF7 /* authAlert.entitlements */ = {isa = PBXFileReference; lastKnownFileType = text.plist.entitlements; path = authAlert.entitlements; sourceTree = "<group>"; };
		EE9466DB224F8AE100240DF7 /* ARXAlertView.h */ = {isa = PBXFileReference; lastKnownFileType = sourcecode.c.h; path = ARXAlertView.h; sourceTree = "<group>"; };
		EE9466DC224F8AE100240DF7 /* ARXAlertView.m */ = {isa = PBXFileReference; lastKnownFileType = sourcecode.c.objc; path = ARXAlertView.m; sourceTree = "<group>"; };
/* End PBXFileReference section */

/* Begin PBXFrameworksBuildPhase section */
		EE9466BF224F860800240DF7 /* Frameworks */ = {
			isa = PBXFrameworksBuildPhase;
			buildActionMask = 2147483647;
			files = (
			);
			runOnlyForDeploymentPostprocessing = 0;
		};
/* End PBXFrameworksBuildPhase section */

/* Begin PBXGroup section */
		EE9466B9224F860800240DF7 = {
			isa = PBXGroup;
			children = (
				EE9466C4224F860800240DF7 /* authAlert */,
				EE9466C3224F860800240DF7 /* Products */,
			);
			sourceTree = "<group>";
		};
		EE9466C3224F860800240DF7 /* Products */ = {
			isa = PBXGroup;
			children = (
				EE9466C2224F860800240DF7 /* authAlert.app */,
			);
			name = Products;
			sourceTree = "<group>";
		};
		EE9466C4224F860800240DF7 /* authAlert */ = {
			isa = PBXGroup;
			children = (
				EE9466C5224F860800240DF7 /* AppDelegate.h */,
				EE9466C6224F860800240DF7 /* AppDelegate.m */,
				EE9466C8224F860800240DF7 /* ViewController.h */,
				EE9466C9224F860800240DF7 /* ViewController.m */,
				EE9466DB224F8AE100240DF7 /* ARXAlertView.h */,
				EE9466DC224F8AE100240DF7 /* ARXAlertView.m */,
				EE9466CB224F860A00240DF7 /* Assets.xcassets */,
				EE9466CD224F860A00240DF7 /* Main.storyboard */,
				EE9466D0224F860A00240DF7 /* Info.plist */,
				EE9466D1224F860A00240DF7 /* main.m */,
				EE9466D3224F860A00240DF7 /* authAlert.entitlements */,
			);
			path = authAlert;
			sourceTree = "<group>";
		};
/* End PBXGroup section */

/* Begin PBXNativeTarget section */
		EE9466C1224F860800240DF7 /* authAlert */ = {
			isa = PBXNativeTarget;
			buildConfigurationList = EE9466D6224F860A00240DF7 /* Build configuration list for PBXNativeTarget "authAlert" */;
			buildPhases = (
				EE9466BE224F860800240DF7 /* Sources */,
				EE9466BF224F860800240DF7 /* Frameworks */,
				EE9466C0224F860800240DF7 /* Resources */,
			);
			buildRules = (
			);
			dependencies = (
			);
			name = authAlert;
			productName = authAlert;
			productReference = EE9466C2224F860800240DF7 /* authAlert.app */;
			productType = "com.apple.product-type.application";
		};
/* End PBXNativeTarget section */

/* Begin PBXProject section */
		EE9466BA224F860800240DF7 /* Project object */ = {
			isa = PBXProject;
			attributes = {
				LastUpgradeCheck = 1010;
				ORGANIZATIONNAME = jinren;
				TargetAttributes = {
					EE9466C1224F860800240DF7 = {
						CreatedOnToolsVersion = 10.1;
					};
				};
			};
			buildConfigurationList = EE9466BD224F860800240DF7 /* Build configuration list for PBXProject "authAlert" */;
			compatibilityVersion = "Xcode 9.3";
			developmentRegion = en;
			hasScannedForEncodings = 0;
			knownRegions = (
				en,
				Base,
			);
			mainGroup = EE9466B9224F860800240DF7;
			productRefGroup = EE9466C3224F860800240DF7 /* Products */;
			projectDirPath = "";
			projectRoot = "";
			targets = (
				EE9466C1224F860800240DF7 /* authAlert */,
			);
		};
/* End PBXProject section */

/* Begin PBXResourcesBuildPhase section */
		EE9466C0224F860800240DF7 /* Resources */ = {
			isa = PBXResourcesBuildPhase;
			buildActionMask = 2147483647;
			files = (
				EE9466CC224F860A00240DF7 /* Assets.xcassets in Resources */,
				EE9466CF224F860A00240DF7 /* Main.storyboard in Resources */,
			);
			runOnlyForDeploymentPostprocessing = 0;
		};
/* End PBXResourcesBuildPhase section */

/* Begin PBXSourcesBuildPhase section */
		EE9466BE224F860800240DF7 /* Sources */ = {
			isa = PBXSourcesBuildPhase;
			buildActionMask = 2147483647;
			files = (
				EE9466CA224F860800240DF7 /* ViewController.m in Sources */,
				EE9466D2224F860A00240DF7 /* main.m in Sources */,
				EE9466C7224F860800240DF7 /* AppDelegate.m in Sources */,
				EE9466DD224F8AE100240DF7 /* ARXAlertView.m in Sources */,
			);
			runOnlyForDeploymentPostprocessing = 0;
		};
/* End PBXSourcesBuildPhase section */

/* Begin PBXVariantGroup section */
		EE9466CD224F860A00240DF7 /* Main.storyboard */ = {
			isa = PBXVariantGroup;
			children = (
				EE9466CE224F860A00240DF7 /* Base */,
			);
			name = Main.storyboard;
			sourceTree = "<group>";
		};
/* End PBXVariantGroup section */

/* Begin XCBuildConfiguration section */
		EE9466D4224F860A00240DF7 /* Debug */ = {
			isa = XCBuildConfiguration;
			buildSettings = {
				ALWAYS_SEARCH_USER_PATHS = NO;
				CLANG_ANALYZER_NONNULL = YES;
				CLANG_ANALYZER_NUMBER_OBJECT_CONVERSION = YES_AGGRESSIVE;
				CLANG_CXX_LANGUAGE_STANDARD = "gnu++14";
				CLANG_CXX_LIBRARY = "libc++";
				CLANG_ENABLE_MODULES = YES;
				CLANG_ENABLE_OBJC_ARC = YES;
				CLANG_ENABLE_OBJC_WEAK = YES;
				CLANG_WARN_BLOCK_CAPTURE_AUTORELEASING = YES;
				CLANG_WARN_BOOL_CONVERSION = YES;
				CLANG_WARN_COMMA = YES;
				CLANG_WARN_CONSTANT_CONVERSION = YES;
				CLANG_WARN_DEPRECATED_OBJC_IMPLEMENTATIONS = YES;
				CLANG_WARN_DIRECT_OBJC_ISA_USAGE = YES_ERROR;
				CLANG_WARN_DOCUMENTATION_COMMENTS = YES;
				CLANG_WARN_EMPTY_BODY = YES;
				CLANG_WARN_ENUM_CONVERSION = YES;
				CLANG_WARN_INFINITE_RECURSION = YES;
				CLANG_WARN_INT_CONVERSION = YES;
				CLANG_WARN_NON_LITERAL_NULL_CONVERSION = YES;
				CLANG_WARN_OBJC_IMPLICIT_RETAIN_SELF = YES;
				CLANG_WARN_OBJC_LITERAL_CONVERSION = YES;
				CLANG_WARN_OBJC_ROOT_CLASS = YES_ERROR;
				CLANG_WARN_RANGE_LOOP_ANALYSIS = YES;
				CLANG_WARN_STRICT_PROTOTYPES = YES;
				CLANG_WARN_SUSPICIOUS_MOVE = YES;
				CLANG_WARN_UNGUARDED_AVAILABILITY = YES_AGGRESSIVE;
				CLANG_WARN_UNREACHABLE_CODE = YES;
				CLANG_WARN__DUPLICATE_METHOD_MATCH = YES;
				CODE_SIGN_IDENTITY = "Mac Developer";
				COPY_PHASE_STRIP = NO;
				DEBUG_INFORMATION_FORMAT = dwarf;
				ENABLE_STRICT_OBJC_MSGSEND = YES;
				ENABLE_TESTABILITY = YES;
				GCC_C_LANGUAGE_STANDARD = gnu11;
				GCC_DYNAMIC_NO_PIC = NO;
				GCC_NO_COMMON_BLOCKS = YES;
				GCC_OPTIMIZATION_LEVEL = 0;
				GCC_PREPROCESSOR_DEFINITIONS = (
					"DEBUG=1",
					"$(inherited)",
				);
				GCC_WARN_64_TO_32_BIT_CONVERSION = YES;
				GCC_WARN_ABOUT_RETURN_TYPE = YES_ERROR;
				GCC_WARN_UNDECLARED_SELECTOR = YES;
				GCC_WARN_UNINITIALIZED_AUTOS = YES_AGGRESSIVE;
				GCC_WARN_UNUSED_FUNCTION = YES;
				GCC_WARN_UNUSED_VARIABLE = YES;
				MACOSX_DEPLOYMENT_TARGET = 10.13;
				MTL_ENABLE_DEBUG_INFO = INCLUDE_SOURCE;
				MTL_FAST_MATH = YES;
				ONLY_ACTIVE_ARCH = YES;
				SDKROOT = macosx;
			};
			name = Debug;
		};
		EE9466D5224F860A00240DF7 /* Release */ = {
			isa = XCBuildConfiguration;
			buildSettings = {
				ALWAYS_SEARCH_USER_PATHS = NO;
				CLANG_ANALYZER_NONNULL = YES;
				CLANG_ANALYZER_NUMBER_OBJECT_CONVERSION = YES_AGGRESSIVE;
				CLANG_CXX_LANGUAGE_STANDARD = "gnu++14";
				CLANG_CXX_LIBRARY = "libc++";
				CLANG_ENABLE_MODULES = YES;
				CLANG_ENABLE_OBJC_ARC = YES;
				CLANG_ENABLE_OBJC_WEAK = YES;
				CLANG_WARN_BLOCK_CAPTURE_AUTORELEASING = YES;
				CLANG_WARN_BOOL_CONVERSION = YES;
				CLANG_WARN_COMMA = YES;
				CLANG_WARN_CONSTANT_CONVERSION = YES;
				CLANG_WARN_DEPRECATED_OBJC_IMPLEMENTATIONS = YES;
				CLANG_WARN_DIRECT_OBJC_ISA_USAGE = YES_ERROR;
				CLANG_WARN_DOCUMENTATION_COMMENTS = YES;
				CLANG_WARN_EMPTY_BODY = YES;
				CLANG_WARN_ENUM_CONVERSION = YES;
				CLANG_WARN_INFINITE_RECURSION = YES;
				CLANG_WARN_INT_CONVERSION = YES;
				CLANG_WARN_NON_LITERAL_NULL_CONVERSION = YES;
				CLANG_WARN_OBJC_IMPLICIT_RETAIN_SELF = YES;
				CLANG_WARN_OBJC_LITERAL_CONVERSION = YES;
				CLANG_WARN_OBJC_ROOT_CLASS = YES_ERROR;
				CLANG_WARN_RANGE_LOOP_ANALYSIS = YES;
				CLANG_WARN_STRICT_PROTOTYPES = YES;
				CLANG_WARN_SUSPICIOUS_MOVE = YES;
				CLANG_WARN_UNGUARDED_AVAILABILITY = YES_AGGRESSIVE;
				CLANG_WARN_UNREACHABLE_CODE = YES;
				CLANG_WARN__DUPLICATE_METHOD_MATCH = YES;
				CODE_SIGN_IDENTITY = "Mac Developer";
				COPY_PHASE_STRIP = NO;
				DEBUG_INFORMATION_FORMAT = "dwarf-with-dsym";
				ENABLE_NS_ASSERTIONS = NO;
				ENABLE_STRICT_OBJC_MSGSEND = YES;
				GCC_C_LANGUAGE_STANDARD = gnu11;
				GCC_NO_COMMON_BLOCKS = YES;
				GCC_WARN_64_TO_32_BIT_CONVERSION = YES;
				GCC_WARN_ABOUT_RETURN_TYPE = YES_ERROR;
				GCC_WARN_UNDECLARED_SELECTOR = YES;
				GCC_WARN_UNINITIALIZED_AUTOS = YES_AGGRESSIVE;
				GCC_WARN_UNUSED_FUNCTION = YES;
				GCC_WARN_UNUSED_VARIABLE = YES;
				MACOSX_DEPLOYMENT_TARGET = 10.13;
				MTL_ENABLE_DEBUG_INFO = NO;
				MTL_FAST_MATH = YES;
				SDKROOT = macosx;
			};
			name = Release;
		};
		EE9466D7224F860A00240DF7 /* Debug */ = {
			isa = XCBuildConfiguration;
			buildSettings = {
				ASSETCATALOG_COMPILER_APPICON_NAME = AppIcon;
				CODE_SIGN_ENTITLEMENTS = authAlert/authAlert.entitlements;
				CODE_SIGN_STYLE = Automatic;
				COMBINE_HIDPI_IMAGES = YES;
				DEVELOPMENT_TEAM = 49XFPF8C85;
				INFOPLIST_FILE = authAlert/Info.plist;
				LD_RUNPATH_SEARCH_PATHS = (
					"$(inherited)",
					"@executable_path/../Frameworks",
				);
				PRODUCT_BUNDLE_IDENTIFIER = com.cisco.authAlert;
				PRODUCT_NAME = "$(TARGET_NAME)";
			};
			name = Debug;
		};
		EE9466D8224F860A00240DF7 /* Release */ = {
			isa = XCBuildConfiguration;
			buildSettings = {
				ASSETCATALOG_COMPILER_APPICON_NAME = AppIcon;
				CODE_SIGN_ENTITLEMENTS = authAlert/authAlert.entitlements;
				CODE_SIGN_STYLE = Automatic;
				COMBINE_HIDPI_IMAGES = YES;
				DEVELOPMENT_TEAM = 49XFPF8C85;
				INFOPLIST_FILE = authAlert/Info.plist;
				LD_RUNPATH_SEARCH_PATHS = (
					"$(inherited)",
					"@executable_path/../Frameworks",
				);
				PRODUCT_BUNDLE_IDENTIFIER = com.cisco.authAlert;
				PRODUCT_NAME = "$(TARGET_NAME)";
			};
			name = Release;
		};
/* End XCBuildConfiguration section */

/* Begin XCConfigurationList section */
		EE9466BD224F860800240DF7 /* Build configuration list for PBXProject "authAlert" */ = {
			isa = XCConfigurationList;
			buildConfigurations = (
				EE9466D4224F860A00240DF7 /* Debug */,
				EE9466D5224F860A00240DF7 /* Release */,
			);
			defaultConfigurationIsVisible = 0;
			defaultConfigurationName = Release;
		};
		EE9466D6224F860A00240DF7 /* Build configuration list for PBXNativeTarget "authAlert" */ = {
			isa = XCConfigurationList;
			buildConfigurations = (
				EE9466D7224F860A00240DF7 /* Debug */,
				EE9466D8224F860A00240DF7 /* Release */,
			);
			defaultConfigurationIsVisible = 0;
			defaultConfigurationName = Release;
		};
/* End XCConfigurationList section */
	};
	rootObject = EE9466BA224F860800240DF7 /* Project object */;
}
